{
  "nodes": {
<<<<<<< HEAD
<<<<<<< HEAD
<<<<<<< HEAD
<<<<<<< HEAD
=======
    "dream2nix": {
      "inputs": {
        "nixpkgs": [
          "nixpkgs-unstable"
        ],
        "purescript-overlay": "purescript-overlay",
        "pyproject-nix": "pyproject-nix"
      },
      "locked": {
        "lastModified": 1719167657,
        "narHash": "sha256-QcuEO9L77Nu7ShxN1MiOmGwThLls+7NjWJi3COKhXuk=",
        "owner": "nix-community",
        "repo": "dream2nix",
        "rev": "c46b53791ca39d824e0d839209b8b1981fa295c0",
        "type": "github"
      },
      "original": {
        "owner": "nix-community",
        "repo": "dream2nix",
        "type": "github"
      }
    },
>>>>>>> bb47b5e (Add more readme and rescue flake.lock)
    "flake-utils": {
      "inputs": {
        "systems": "systems_2"
      },
      "locked": {
        "lastModified": 1710146030,
        "narHash": "sha256-SZ5L6eA7HJ/nmkzGG7/ISclqe6oZdOZTNoesiInkXPQ=",
        "owner": "numtide",
        "repo": "flake-utils",
        "rev": "b1d9ab70662946ef0850d488da1c9019f3a9752a",
        "type": "github"
      },
      "original": {
        "owner": "numtide",
        "repo": "flake-utils",
        "type": "github"
      }
    },
    "gomod2nix": {
      "inputs": {
        "flake-utils": [
          "yafl",
          "flake-utils"
        ],
        "nixpkgs": [
          "yafl",
<<<<<<< HEAD
=======
    "agenix": {
      "inputs": {
        "darwin": "darwin",
        "home-manager": "home-manager",
        "nixpkgs": [
          "nixpkgs-unstable"
        ],
        "systems": "systems"
      },
      "locked": {
        "lastModified": 1712079060,
        "narHash": "sha256-/JdiT9t+zzjChc5qQiF+jhrVhRt8figYH29rZO7pFe4=",
        "owner": "ryantm",
        "repo": "agenix",
        "rev": "1381a759b205dff7a6818733118d02253340fd5e",
        "type": "github"
      },
      "original": {
        "owner": "ryantm",
        "repo": "agenix",
        "type": "github"
      }
    },
    "darwin": {
      "inputs": {
        "nixpkgs": [
          "agenix",
>>>>>>> c7eaa33 (more changes without git-crypt)
=======
>>>>>>> bb47b5e (Add more readme and rescue flake.lock)
          "nixpkgs"
        ]
      },
      "locked": {
<<<<<<< HEAD
<<<<<<< HEAD
=======
>>>>>>> bb47b5e (Add more readme and rescue flake.lock)
        "lastModified": 1710154385,
        "narHash": "sha256-4c3zQ2YY4BZOufaBJB4v9VBBeN2dH7iVdoJw8SDNCfI=",
        "owner": "nix-community",
        "repo": "gomod2nix",
        "rev": "872b63ddd28f318489c929d25f1f0a3c6039c971",
<<<<<<< HEAD
=======
        "lastModified": 1700795494,
        "narHash": "sha256-gzGLZSiOhf155FW7262kdHo2YDeugp3VuIFb4/GGng0=",
        "owner": "lnl7",
        "repo": "nix-darwin",
        "rev": "4b9b83d5a92e8c1fbfd8eb27eda375908c11ec4d",
        "type": "github"
      },
      "original": {
        "owner": "lnl7",
        "ref": "master",
        "repo": "nix-darwin",
        "type": "github"
      }
    },
=======
>>>>>>> 6071150 (Add git-crypt and work script)
    "dream2nix": {
=======
    "flake-utils": {
>>>>>>> f9e81b3 (Add yafl package from flakes)
      "inputs": {
        "systems": "systems"
      },
      "locked": {
<<<<<<< HEAD
        "lastModified": 1718217355,
        "narHash": "sha256-43+re+vtkHc0jWUKCSOmOGHSl+byCSUnkoNo6WSKMeY=",
        "owner": "nix-community",
        "repo": "dream2nix",
<<<<<<< HEAD
        "rev": "1b0c280a387e474e9a795968ca6f9c2348956429",
>>>>>>> c7eaa33 (more changes without git-crypt)
=======
        "rev": "1f57898e4f33f44d282b36a718ae20ce3f0aa6b2",
>>>>>>> e15f22a (Try to enable ssh to sign commits)
=======
>>>>>>> bb47b5e (Add more readme and rescue flake.lock)
        "type": "github"
      },
      "original": {
        "owner": "nix-community",
<<<<<<< HEAD
<<<<<<< HEAD
        "repo": "gomod2nix",
=======
        "repo": "dream2nix",
>>>>>>> c7eaa33 (more changes without git-crypt)
=======
        "repo": "gomod2nix",
>>>>>>> bb47b5e (Add more readme and rescue flake.lock)
        "type": "github"
      }
    },
    "home-manager": {
      "inputs": {
        "nixpkgs": [
          "nixpkgs-unstable"
        ]
      },
      "locked": {
<<<<<<< HEAD
<<<<<<< HEAD
<<<<<<< HEAD
        "lastModified": 1713789879,
        "narHash": "sha256-4Wt3Bg6uOnvwZcECBZaFEdzlWRlGLgd8DqLL4ugLdxg=",
        "owner": "nix-community",
        "repo": "home-manager",
        "rev": "46833c3115e8858370880d892748f0927d8193c3",
=======
        "lastModified": 1711915616,
        "narHash": "sha256-co6LoFA+j6BZEeJNSR8nZ4oOort5qYPskjrDHBaJgmo=",
        "owner": "nix-community",
        "repo": "home-manager",
        "rev": "820be197ccf3adaad9a8856ef255c13b6cc561a6",
>>>>>>> c7eaa33 (more changes without git-crypt)
=======
        "lastModified": 1718243258,
        "narHash": "sha256-abBpj2VU8p6qlRzTU8o22q68MmOaZ4v8zZ4UlYl5YRU=",
        "owner": "nix-community",
        "repo": "home-manager",
        "rev": "8d5e27b4807d25308dfe369d5a923d87e7dbfda3",
>>>>>>> e15f22a (Try to enable ssh to sign commits)
=======
        "lastModified": 1719037157,
        "narHash": "sha256-aOKd8+mhBsLQChCu1mn/W5ww79ta5cXVE59aJFrifM8=",
        "owner": "nix-community",
        "repo": "home-manager",
        "rev": "cd886711998fe5d9ff7979fdd4b4cbd17b1f1511",
>>>>>>> bb47b5e (Add more readme and rescue flake.lock)
        "type": "github"
      },
      "original": {
        "owner": "nix-community",
        "repo": "home-manager",
<<<<<<< HEAD
=======
        "lastModified": 1710146030,
        "narHash": "sha256-SZ5L6eA7HJ/nmkzGG7/ISclqe6oZdOZTNoesiInkXPQ=",
        "owner": "numtide",
        "repo": "flake-utils",
        "rev": "b1d9ab70662946ef0850d488da1c9019f3a9752a",
        "type": "github"
      },
      "original": {
        "owner": "numtide",
        "repo": "flake-utils",
>>>>>>> f9e81b3 (Add yafl package from flakes)
=======
>>>>>>> bb47b5e (Add more readme and rescue flake.lock)
        "type": "github"
      }
    },
    "hyprcursor": {
      "inputs": {
        "hyprlang": [
          "hyprland",
          "hyprlang"
        ],
        "nixpkgs": [
          "hyprland",
          "nixpkgs"
        ],
        "systems": [
          "hyprland",
          "systems"
        ]
      },
      "locked": {
<<<<<<< HEAD
<<<<<<< HEAD
<<<<<<< HEAD
        "lastModified": 1713714899,
        "narHash": "sha256-+z/XjO3QJs5rLE5UOf015gdVauVRQd2vZtsFkaXBq2Y=",
        "owner": "NixOS",
        "repo": "nixpkgs",
        "rev": "6143fc5eeb9c4f00163267708e26191d1e918932",
=======
        "lastModified": 1711466786,
        "narHash": "sha256-sArxGyUBiCA1in+q6t0QqT+ZJiZ1PyBp7cNPKLmREM0=",
        "owner": "hyprwm",
        "repo": "hyprcursor",
        "rev": "d3876f34779cc03ee51e4aafc0d00a4f187c7544",
>>>>>>> 1a3e874 (Initial NixOS configuration)
=======
        "lastModified": 1717181720,
        "narHash": "sha256-yv+QZWsusu/NWjydkxixHC2g+tIJ9v+xkE2EiVpJj6g=",
        "owner": "hyprwm",
        "repo": "hyprcursor",
        "rev": "9e27a2c2ceb1e0b85bd55b0afefad196056fe87c",
>>>>>>> e15f22a (Try to enable ssh to sign commits)
=======
        "lastModified": 1718450675,
        "narHash": "sha256-jpsns6buS4bK+1sF8sL8AaixAiCRjA+nldTKvcwmvUs=",
        "owner": "hyprwm",
        "repo": "hyprcursor",
        "rev": "66d5b46ff94efbfa6fa3d1d1b66735f1779c34a6",
>>>>>>> bb47b5e (Add more readme and rescue flake.lock)
        "type": "github"
      },
      "original": {
        "owner": "hyprwm",
        "repo": "hyprcursor",
        "type": "github"
      }
    },
    "hyprland": {
      "inputs": {
        "hyprcursor": "hyprcursor",
        "hyprlang": "hyprlang",
        "hyprutils": "hyprutils",
        "hyprwayland-scanner": "hyprwayland-scanner",
        "nixpkgs": [
          "nixpkgs-unstable"
        ],
        "systems": "systems",
        "xdph": "xdph"
      },
      "locked": {
        "lastModified": 1719164993,
        "narHash": "sha256-yfDdjbR7Mgwk0c4MQNLHQbPUOXyp07yxsyTYrvLWjGA=",
        "owner": "hyprwm",
        "repo": "Hyprland",
        "rev": "8a68199a0ceb2894a5d9cc300961c38123ac0312",
        "type": "github"
      },
      "original": {
        "owner": "hyprwm",
        "repo": "Hyprland",
        "type": "github"
      }
    },
    "hyprland-protocols": {
      "inputs": {
        "nixpkgs": [
          "hyprland",
          "xdph",
          "nixpkgs"
        ],
        "systems": [
          "hyprland",
          "xdph",
          "systems"
        ]
      },
      "locked": {
        "lastModified": 1714869498,
        "narHash": "sha256-vbLVOWvQqo4n1yvkg/Q70VTlPbMmTiCQfNTgcWDCfJM=",
        "owner": "hyprwm",
        "repo": "hyprland-protocols",
        "rev": "e06482e0e611130cd1929f75e8c1cf679e57d161",
        "type": "github"
      },
      "original": {
        "owner": "hyprwm",
        "repo": "hyprland-protocols",
        "type": "github"
      }
    },
    "hyprlang": {
      "inputs": {
        "hyprutils": [
          "hyprland",
          "hyprutils"
        ],
        "nixpkgs": [
          "hyprland",
          "nixpkgs"
        ],
        "systems": [
          "hyprland",
          "systems"
        ]
      },
      "locked": {
        "lastModified": 1717881852,
        "narHash": "sha256-XeeVoKHQgfKuXoP6q90sUqKyl7EYy3ol2dVZGM+Jj94=",
        "owner": "hyprwm",
        "repo": "hyprlang",
        "rev": "ec6938c66253429192274d612912649a0cfe4d28",
        "type": "github"
      },
      "original": {
        "owner": "hyprwm",
        "repo": "hyprlang",
        "type": "github"
      }
    },
    "hyprutils": {
      "inputs": {
        "nixpkgs": [
          "hyprland",
          "nixpkgs"
        ],
        "systems": [
          "hyprland",
          "systems"
        ]
      },
      "locked": {
        "lastModified": 1718804078,
        "narHash": "sha256-CqRZne63BpYlPd/i8lXV0UInUt59oKogiwdVtBRHt60=",
        "owner": "hyprwm",
        "repo": "hyprutils",
        "rev": "4f1351295c55a8f51219b25aa4a6497a067989d0",
        "type": "github"
      },
      "original": {
        "owner": "hyprwm",
        "repo": "hyprutils",
        "type": "github"
      }
    },
    "hyprwayland-scanner": {
      "inputs": {
        "nixpkgs": [
          "hyprland",
          "nixpkgs"
        ],
        "systems": [
          "hyprland",
          "systems"
        ]
      },
      "locked": {
        "lastModified": 1718119275,
        "narHash": "sha256-nqDYXATNkyGXVmNMkT19fT4sjtSPBDS1LLOxa3Fueo4=",
        "owner": "hyprwm",
        "repo": "hyprwayland-scanner",
        "rev": "1419520d5f7f38d35e05504da5c1b38212a38525",
        "type": "github"
      },
      "original": {
        "owner": "hyprwm",
        "repo": "hyprwayland-scanner",
        "type": "github"
      }
    },
    "nixpkgs": {
      "locked": {
        "lastModified": 1718811006,
        "narHash": "sha256-0Y8IrGhRmBmT7HHXlxxepg2t8j1X90++qRN3lukGaIk=",
        "owner": "nixos",
        "repo": "nixpkgs",
        "rev": "03d771e513ce90147b65fe922d87d3a0356fc125",
        "type": "github"
      },
      "original": {
        "owner": "nixos",
        "ref": "nixos-23.11",
        "repo": "nixpkgs",
        "type": "github"
      }
    },
    "nixpkgs-unstable": {
      "locked": {
        "lastModified": 1719075281,
        "narHash": "sha256-CyyxvOwFf12I91PBWz43iGT1kjsf5oi6ax7CrvaMyAo=",
        "owner": "nixos",
        "repo": "nixpkgs",
        "rev": "a71e967ef3694799d0c418c98332f7ff4cc5f6af",
        "type": "github"
      },
      "original": {
        "owner": "nixos",
        "ref": "nixos-unstable",
        "repo": "nixpkgs",
        "type": "github"
      }
    },
    "purescript-overlay": {
      "inputs": {
        "nixpkgs": [
          "dream2nix",
          "nixpkgs"
        ],
        "slimlock": "slimlock"
      },
      "locked": {
        "lastModified": 1696022621,
        "narHash": "sha256-eMjFmsj2G1E0Q5XiibUNgFjTiSz0GxIeSSzzVdoN730=",
        "owner": "thomashoneyman",
        "repo": "purescript-overlay",
        "rev": "047c7933abd6da8aa239904422e22d190ce55ead",
        "type": "github"
      },
      "original": {
        "owner": "thomashoneyman",
        "repo": "purescript-overlay",
        "type": "github"
      }
    },
    "pyproject-nix": {
      "flake": false,
      "locked": {
        "lastModified": 1702448246,
        "narHash": "sha256-hFg5s/hoJFv7tDpiGvEvXP0UfFvFEDgTdyHIjDVHu1I=",
        "owner": "davhau",
        "repo": "pyproject.nix",
        "rev": "5a06a2697b228c04dd2f35659b4b659ca74f7aeb",
        "type": "github"
      },
      "original": {
        "owner": "davhau",
        "ref": "dream2nix",
        "repo": "pyproject.nix",
        "type": "github"
      }
    },
    "root": {
      "inputs": {
<<<<<<< HEAD
<<<<<<< HEAD
        "home-manager": "home-manager",
<<<<<<< HEAD
        "nixpkgs": "nixpkgs",
        "yafl": "yafl"
=======
=======
        "agenix": "agenix",
        "dream2nix": "dream2nix",
        "home-manager": "home-manager_2",
>>>>>>> c7eaa33 (more changes without git-crypt)
=======
        "dream2nix": "dream2nix",
        "home-manager": "home-manager",
<<<<<<< HEAD
<<<<<<< HEAD
>>>>>>> 6071150 (Add git-crypt and work script)
=======
<<<<<<< HEAD
>>>>>>> f9e81b3 (Add yafl package from flakes)
        "hyprland": "hyprland",
        "nixpkgs": "nixpkgs",
        "nixpkgs-unstable": "nixpkgs-unstable"
>>>>>>> 1a3e874 (Initial NixOS configuration)
=======
        "hyprland": "hyprland",
        "nixpkgs": "nixpkgs",
        "nixpkgs-unstable": "nixpkgs-unstable",
        "yafl": "yafl"
>>>>>>> bb47b5e (Add more readme and rescue flake.lock)
      }
    },
    "slimlock": {
      "inputs": {
        "nixpkgs": [
          "dream2nix",
          "purescript-overlay",
          "nixpkgs"
        ]
      },
      "locked": {
        "lastModified": 1688610262,
        "narHash": "sha256-Wg0ViDotFWGWqKIQzyYCgayeH8s4U1OZcTiWTQYdAp4=",
        "owner": "thomashoneyman",
        "repo": "slimlock",
        "rev": "b5c6cdcaf636ebbebd0a1f32520929394493f1a6",
        "type": "github"
      },
      "original": {
        "owner": "thomashoneyman",
        "repo": "slimlock",
        "type": "github"
      }
    },
    "systems": {
      "locked": {
<<<<<<< HEAD
<<<<<<< HEAD
<<<<<<< HEAD
<<<<<<< HEAD
<<<<<<< HEAD
=======
>>>>>>> c7eaa33 (more changes without git-crypt)
        "lastModified": 1681028828,
        "narHash": "sha256-Vy1rq5AaRuLzOxct8nz4T6wlgyUR7zLU309k9mBC768=",
        "owner": "nix-systems",
        "repo": "default",
        "rev": "da67096a3b9bf56a91d16901293e51ba5b49a27e",
<<<<<<< HEAD
=======
=======
        "type": "github"
      },
      "original": {
        "owner": "nix-systems",
        "repo": "default",
        "type": "github"
      }
    },
    "systems_2": {
      "locked": {
>>>>>>> c7eaa33 (more changes without git-crypt)
=======
>>>>>>> 6071150 (Add git-crypt and work script)
=======
>>>>>>> f9e81b3 (Add yafl package from flakes)
=======
>>>>>>> bb47b5e (Add more readme and rescue flake.lock)
        "lastModified": 1689347949,
        "narHash": "sha256-12tWmuL2zgBgZkdoB6qXZsgJEH9LR3oUgpaQq2RbI80=",
        "owner": "nix-systems",
        "repo": "default-linux",
        "rev": "31732fcf5e8fea42e59c2488ad31a0e651500f68",
<<<<<<< HEAD
<<<<<<< HEAD
>>>>>>> 1a3e874 (Initial NixOS configuration)
=======
=======
=======
        "type": "github"
      },
      "original": {
        "owner": "nix-systems",
        "repo": "default-linux",
        "type": "github"
      }
    },
    "systems_2": {
      "locked": {
>>>>>>> bb47b5e (Add more readme and rescue flake.lock)
        "lastModified": 1681028828,
        "narHash": "sha256-Vy1rq5AaRuLzOxct8nz4T6wlgyUR7zLU309k9mBC768=",
        "owner": "nix-systems",
        "repo": "default",
        "rev": "da67096a3b9bf56a91d16901293e51ba5b49a27e",
<<<<<<< HEAD
>>>>>>> dbe5677 (Add yafl package from flakes)
>>>>>>> f9e81b3 (Add yafl package from flakes)
=======
>>>>>>> bb47b5e (Add more readme and rescue flake.lock)
        "type": "github"
      },
      "original": {
        "owner": "nix-systems",
<<<<<<< HEAD
<<<<<<< HEAD
<<<<<<< HEAD
        "repo": "default",
        "type": "github"
      }
    },
    "yafl": {
      "inputs": {
        "flake-utils": "flake-utils",
        "gomod2nix": "gomod2nix",
        "nixpkgs": [
          "nixpkgs"
        ]
      },
      "locked": {
        "lastModified": 1714505152,
        "narHash": "sha256-DLLdITcZtY6D+Ax98t6AxHG37Rhl/a+r1yK45dJnDqw=",
        "owner": "gjhenrique",
        "repo": "yafl",
        "rev": "41a614b5a01c868728efe630c0c6a0bcb3f552db",
        "type": "github"
      },
      "original": {
        "owner": "gjhenrique",
        "repo": "yafl",
=======
=======
>>>>>>> f9e81b3 (Add yafl package from flakes)
        "repo": "default-linux",
=======
        "repo": "default",
>>>>>>> bb47b5e (Add more readme and rescue flake.lock)
        "type": "github"
      }
    },
    "xdph": {
      "inputs": {
        "hyprland-protocols": "hyprland-protocols",
        "hyprlang": [
          "hyprland",
          "hyprlang"
        ],
        "nixpkgs": [
          "hyprland",
          "nixpkgs"
        ],
        "systems": [
          "hyprland",
          "systems"
        ]
      },
      "locked": {
        "lastModified": 1718619174,
        "narHash": "sha256-FWW68AVYmB91ZDQnhLMBNCUUTCjb1ZpO2k2KIytHtkA=",
        "owner": "hyprwm",
        "repo": "xdg-desktop-portal-hyprland",
        "rev": "c7894aa54f9a7dbd16df5cd24d420c8af22d5623",
        "type": "github"
      },
      "original": {
        "owner": "hyprwm",
        "repo": "xdg-desktop-portal-hyprland",
<<<<<<< HEAD
<<<<<<< HEAD
>>>>>>> 1a3e874 (Initial NixOS configuration)
=======
=======
        "repo": "default",
=======
>>>>>>> bb47b5e (Add more readme and rescue flake.lock)
        "type": "github"
      }
    },
    "yafl": {
      "inputs": {
        "flake-utils": "flake-utils",
        "gomod2nix": "gomod2nix",
        "nixpkgs": [
          "nixpkgs"
        ]
      },
      "locked": {
        "lastModified": 1714505152,
        "narHash": "sha256-DLLdITcZtY6D+Ax98t6AxHG37Rhl/a+r1yK45dJnDqw=",
        "owner": "gjhenrique",
        "repo": "yafl",
        "rev": "41a614b5a01c868728efe630c0c6a0bcb3f552db",
        "type": "github"
      },
      "original": {
        "owner": "gjhenrique",
        "repo": "yafl",
<<<<<<< HEAD
>>>>>>> dbe5677 (Add yafl package from flakes)
>>>>>>> f9e81b3 (Add yafl package from flakes)
=======
>>>>>>> bb47b5e (Add more readme and rescue flake.lock)
        "type": "github"
      }
    }
  },
  "root": "root",
  "version": 7
}
